
Microsoft Visual Studio Solution File, Format Version 12.00
# Visual Studio Version 17
VisualStudioVersion = 17.1.32319.34
MinimumVisualStudioVersion = 10.0.40219.1
Project("{9A19103F-16F7-4668-BE54-9A1E7A4F7556}") = "InformacionIP", "InformacionIP\InformacionIP.csproj", "{5E989785-C80C-4E03-B52F-1DC57D35C500}"
EndProject
Project("{9A19103F-16F7-4668-BE54-9A1E7A4F7556}") = "Services", "Services\Services.csproj", "{37DE01E1-C272-4D8D-92C7-711D53D0CEF4}"
EndProject
Project("{9A19103F-16F7-4668-BE54-9A1E7A4F7556}") = "Models", "Models\Models.csproj", "{93000E7E-337C-4721-ADFB-B0942F859316}"
EndProject
Project("{FAE04EC0-301F-11D3-BF4B-00C04F79EFBC}") = "InformacionIPTest", "InformacionIPTest\InformacionIPTest.csproj", "{0838F358-73E5-4FA0-8FC3-CAD5F8E16B3C}"
EndProject
Global
	GlobalSection(SolutionConfigurationPlatforms) = preSolution
		Debug|Any CPU = Debug|Any CPU
		Release|Any CPU = Release|Any CPU
	EndGlobalSection
	GlobalSection(ProjectConfigurationPlatforms) = postSolution
		{5E989785-C80C-4E03-B52F-1DC57D35C500}.Debug|Any CPU.ActiveCfg = Debug|Any CPU
		{5E989785-C80C-4E03-B52F-1DC57D35C500}.Debug|Any CPU.Build.0 = Debug|Any CPU
		{5E989785-C80C-4E03-B52F-1DC57D35C500}.Release|Any CPU.ActiveCfg = Release|Any CPU
		{5E989785-C80C-4E03-B52F-1DC57D35C500}.Release|Any CPU.Build.0 = Release|Any CPU
		{37DE01E1-C272-4D8D-92C7-711D53D0CEF4}.Debug|Any CPU.ActiveCfg = Debug|Any CPU
		{37DE01E1-C272-4D8D-92C7-711D53D0CEF4}.Debug|Any CPU.Build.0 = Debug|Any CPU
		{37DE01E1-C272-4D8D-92C7-711D53D0CEF4}.Release|Any CPU.ActiveCfg = Release|Any CPU
		{37DE01E1-C272-4D8D-92C7-711D53D0CEF4}.Release|Any CPU.Build.0 = Release|Any CPU
		{93000E7E-337C-4721-ADFB-B0942F859316}.Debug|Any CPU.ActiveCfg = Debug|Any CPU
		{93000E7E-337C-4721-ADFB-B0942F859316}.Debug|Any CPU.Build.0 = Debug|Any CPU
		{93000E7E-337C-4721-ADFB-B0942F859316}.Release|Any CPU.ActiveCfg = Release|Any CPU
		{93000E7E-337C-4721-ADFB-B0942F859316}.Release|Any CPU.Build.0 = Release|Any CPU
		{0838F358-73E5-4FA0-8FC3-CAD5F8E16B3C}.Debug|Any CPU.ActiveCfg = Debug|Any CPU
		{0838F358-73E5-4FA0-8FC3-CAD5F8E16B3C}.Debug|Any CPU.Build.0 = Debug|Any CPU
		{0838F358-73E5-4FA0-8FC3-CAD5F8E16B3C}.Release|Any CPU.ActiveCfg = Release|Any CPU
		{0838F358-73E5-4FA0-8FC3-CAD5F8E16B3C}.Release|Any CPU.Build.0 = Release|Any CPU
	EndGlobalSection
	GlobalSection(SolutionProperties) = preSolution
		HideSolutionNode = FALSE
	EndGlobalSection
	GlobalSection(ExtensibilityGlobals) = postSolution
		SolutionGuid = {D5515B8A-4E81-4A4B-9766-3DD27091F559}
	EndGlobalSection
EndGlobal
